
Microsoft Visual Studio Solution File, Format Version 12.00
#
Project("{2150E333-8FDC-42A3-9474-1A3956D46DE8}") = "UserService", "UserService", "{5F8CEDD3-FC5C-43FC-AA9E-382E6C70321F}"
EndProject
Project("{FAE04EC0-301F-11D3-BF4B-00C04F79EFBC}") = "UserService.Domain", "UserService\UserService.Domain\UserService.Domain.csproj", "{6E401B23-84E8-4E00-BF05-5E4E1D8AE945}"
EndProject
Project("{FAE04EC0-301F-11D3-BF4B-00C04F79EFBC}") = "UserService.Application", "UserService\UserService.Application\UserService.Application.csproj", "{F3E086A5-31EE-4965-B585-99B15030BBA9}"
EndProject
Project("{FAE04EC0-301F-11D3-BF4B-00C04F79EFBC}") = "UserService.Infrastructure", "UserService\UserService.Infrastructure\UserService.Infrastructure.csproj", "{19384DF8-7ECC-4C05-86F4-E684A58E65BF}"
EndProject
Project("{FAE04EC0-301F-11D3-BF4B-00C04F79EFBC}") = "UserService.API", "UserService\UserService.API\UserService.API.csproj", "{B3FB6DA5-CB83-46A8-90F8-DE1D5A3C8EFF}"
EndProject
Project("{2150E333-8FDC-42A3-9474-1A3956D46DE8}") = "JobService", "JobService", "{6D75C041-8C03-456C-AFCD-F2AFE46C66BC}"
EndProject
Project("{FAE04EC0-301F-11D3-BF4B-00C04F79EFBC}") = "JobService.Domain", "JobService\JobService.Domain\JobService.Domain.csproj", "{E4BA7953-2A8C-4B19-8805-44990CB5F9EA}"
EndProject
Project("{FAE04EC0-301F-11D3-BF4B-00C04F79EFBC}") = "JobService.Application", "JobService\JobService.Application\JobService.Application.csproj", "{B07A487C-48E0-473B-88C1-6825F30D91DD}"
EndProject
Project("{FAE04EC0-301F-11D3-BF4B-00C04F79EFBC}") = "JobService.Infrastructure", "JobService\JobService.Infrastructure\JobService.Infrastructure.csproj", "{8DC23913-EE73-4B77-B985-FB29AEA29660}"
EndProject
Project("{FAE04EC0-301F-11D3-BF4B-00C04F79EFBC}") = "JobService.API", "JobService\JobService.API\JobService.API.csproj", "{27346475-C417-4D14-9A72-C30FD614B130}"
EndProject
Project("{2150E333-8FDC-42A3-9474-1A3956D46DE8}") = "Shared", "Shared", "{A9E3F9C8-9D2E-4F8E-A8D1-1B2C3D4E5F6A}"
EndProject
Project("{FAE04EC0-301F-11D3-BF4B-00C04F79EFBC}") = "Shared.Application", "Shared\Shared.Application\Shared.Application.csproj", "{D1E2F3A4-B5C6-7D8E-9F0A-1B2C3D4E5F61}"
EndProject
Project("{FAE04EC0-301F-11D3-BF4B-00C04F79EFBC}") = "Shared.Infrastructure", "Shared\Shared.Infrastructure\Shared.Infrastructure.csproj", "{D1E2F3A4-B5C6-7D8E-9F0A-1B2C3D4E5F62}"
EndProject
Project("{FAE04EC0-301F-11D3-BF4B-00C04F79EFBC}") = "Shared.WebApi", "Shared\Shared.WebApi\Shared.WebApi.csproj", "{D1E2F3A4-B5C6-7D8E-9F0A-1B2C3D4E5F63}"
EndProject
Project("{FAE04EC0-301F-11D3-BF4B-00C04F79EFBC}") = "Shared.Domain", "Shared\Shared.Domain\Shared.Domain.csproj", "{F9B9C7B0-67E2-4233-9CC0-FFBF3174FD18}"
EndProject
Global
	GlobalSection(SolutionConfigurationPlatforms) = preSolution
		Debug|Any CPU = Debug|Any CPU
		Release|Any CPU = Release|Any CPU
	EndGlobalSection
	GlobalSection(ProjectConfigurationPlatforms) = postSolution
		{6E401B23-84E8-4E00-BF05-5E4E1D8AE945}.Debug|Any CPU.ActiveCfg = Debug|Any CPU
		{6E401B23-84E8-4E00-BF05-5E4E1D8AE945}.Debug|Any CPU.Build.0 = Debug|Any CPU
		{6E401B23-84E8-4E00-BF05-5E4E1D8AE945}.Release|Any CPU.ActiveCfg = Release|Any CPU
		{6E401B23-84E8-4E00-BF05-5E4E1D8AE945}.Release|Any CPU.Build.0 = Release|Any CPU
		{F3E086A5-31EE-4965-B585-99B15030BBA9}.Debug|Any CPU.ActiveCfg = Debug|Any CPU
		{F3E086A5-31EE-4965-B585-99B15030BBA9}.Debug|Any CPU.Build.0 = Debug|Any CPU
		{F3E086A5-31EE-4965-B585-99B15030BBA9}.Release|Any CPU.ActiveCfg = Release|Any CPU
		{F3E086A5-31EE-4965-B585-99B15030BBA9}.Release|Any CPU.Build.0 = Release|Any CPU
		{19384DF8-7ECC-4C05-86F4-E684A58E65BF}.Debug|Any CPU.ActiveCfg = Debug|Any CPU
		{19384DF8-7ECC-4C05-86F4-E684A58E65BF}.Debug|Any CPU.Build.0 = Debug|Any CPU
		{19384DF8-7ECC-4C05-86F4-E684A58E65BF}.Release|Any CPU.ActiveCfg = Release|Any CPU
		{19384DF8-7ECC-4C05-86F4-E684A58E65BF}.Release|Any CPU.Build.0 = Release|Any CPU
		{B3FB6DA5-CB83-46A8-90F8-DE1D5A3C8EFF}.Debug|Any CPU.ActiveCfg = Debug|Any CPU
		{B3FB6DA5-CB83-46A8-90F8-DE1D5A3C8EFF}.Debug|Any CPU.Build.0 = Debug|Any CPU
		{B3FB6DA5-CB83-46A8-90F8-DE1D5A3C8EFF}.Release|Any CPU.ActiveCfg = Release|Any CPU
		{B3FB6DA5-CB83-46A8-90F8-DE1D5A3C8EFF}.Release|Any CPU.Build.0 = Release|Any CPU
		{E4BA7953-2A8C-4B19-8805-44990CB5F9EA}.Debug|Any CPU.ActiveCfg = Debug|Any CPU
		{E4BA7953-2A8C-4B19-8805-44990CB5F9EA}.Debug|Any CPU.Build.0 = Debug|Any CPU
		{E4BA7953-2A8C-4B19-8805-44990CB5F9EA}.Release|Any CPU.ActiveCfg = Release|Any CPU
		{E4BA7953-2A8C-4B19-8805-44990CB5F9EA}.Release|Any CPU.Build.0 = Release|Any CPU
		{B07A487C-48E0-473B-88C1-6825F30D91DD}.Debug|Any CPU.ActiveCfg = Debug|Any CPU
		{B07A487C-48E0-473B-88C1-6825F30D91DD}.Debug|Any CPU.Build.0 = Debug|Any CPU
		{B07A487C-48E0-473B-88C1-6825F30D91DD}.Release|Any CPU.ActiveCfg = Release|Any CPU
		{B07A487C-48E0-473B-88C1-6825F30D91DD}.Release|Any CPU.Build.0 = Release|Any CPU
		{8DC23913-EE73-4B77-B985-FB29AEA29660}.Debug|Any CPU.ActiveCfg = Debug|Any CPU
		{8DC23913-EE73-4B77-B985-FB29AEA29660}.Debug|Any CPU.Build.0 = Debug|Any CPU
		{8DC23913-EE73-4B77-B985-FB29AEA29660}.Release|Any CPU.ActiveCfg = Release|Any CPU
		{8DC23913-EE73-4B77-B985-FB29AEA29660}.Release|Any CPU.Build.0 = Release|Any CPU
		{27346475-C417-4D14-9A72-C30FD614B130}.Debug|Any CPU.ActiveCfg = Debug|Any CPU
		{27346475-C417-4D14-9A72-C30FD614B130}.Debug|Any CPU.Build.0 = Debug|Any CPU
		{27346475-C417-4D14-9A72-C30FD614B130}.Release|Any CPU.ActiveCfg = Release|Any CPU
		{27346475-C417-4D14-9A72-C30FD614B130}.Release|Any CPU.Build.0 = Release|Any CPU
		{D1E2F3A4-B5C6-7D8E-9F0A-1B2C3D4E5F61}.Debug|Any CPU.ActiveCfg = Debug|Any CPU
		{D1E2F3A4-B5C6-7D8E-9F0A-1B2C3D4E5F61}.Debug|Any CPU.Build.0 = Debug|Any CPU
		{D1E2F3A4-B5C6-7D8E-9F0A-1B2C3D4E5F61}.Release|Any CPU.ActiveCfg = Release|Any CPU
		{D1E2F3A4-B5C6-7D8E-9F0A-1B2C3D4E5F61}.Release|Any CPU.Build.0 = Release|Any CPU
		{D1E2F3A4-B5C6-7D8E-9F0A-1B2C3D4E5F62}.Debug|Any CPU.ActiveCfg = Debug|Any CPU
		{D1E2F3A4-B5C6-7D8E-9F0A-1B2C3D4E5F62}.Debug|Any CPU.Build.0 = Debug|Any CPU
		{D1E2F3A4-B5C6-7D8E-9F0A-1B2C3D4E5F62}.Release|Any CPU.ActiveCfg = Release|Any CPU
		{D1E2F3A4-B5C6-7D8E-9F0A-1B2C3D4E5F62}.Release|Any CPU.Build.0 = Release|Any CPU
		{D1E2F3A4-B5C6-7D8E-9F0A-1B2C3D4E5F63}.Debug|Any CPU.ActiveCfg = Debug|Any CPU
		{D1E2F3A4-B5C6-7D8E-9F0A-1B2C3D4E5F63}.Debug|Any CPU.Build.0 = Debug|Any CPU
		{D1E2F3A4-B5C6-7D8E-9F0A-1B2C3D4E5F63}.Release|Any CPU.ActiveCfg = Release|Any CPU
		{D1E2F3A4-B5C6-7D8E-9F0A-1B2C3D4E5F63}.Release|Any CPU.Build.0 = Release|Any CPU
		{F9B9C7B0-67E2-4233-9CC0-FFBF3174FD18}.Debug|Any CPU.ActiveCfg = Debug|Any CPU
		{F9B9C7B0-67E2-4233-9CC0-FFBF3174FD18}.Debug|Any CPU.Build.0 = Debug|Any CPU
		{F9B9C7B0-67E2-4233-9CC0-FFBF3174FD18}.Release|Any CPU.ActiveCfg = Release|Any CPU
		{F9B9C7B0-67E2-4233-9CC0-FFBF3174FD18}.Release|Any CPU.Build.0 = Release|Any CPU
	EndGlobalSection
	GlobalSection(NestedProjects) = preSolution
		{6E401B23-84E8-4E00-BF05-5E4E1D8AE945} = {5F8CEDD3-FC5C-43FC-AA9E-382E6C70321F}
		{F3E086A5-31EE-4965-B585-99B15030BBA9} = {5F8CEDD3-FC5C-43FC-AA9E-382E6C70321F}
		{19384DF8-7ECC-4C05-86F4-E684A58E65BF} = {5F8CEDD3-FC5C-43FC-AA9E-382E6C70321F}
		{B3FB6DA5-CB83-46A8-90F8-DE1D5A3C8EFF} = {5F8CEDD3-FC5C-43FC-AA9E-382E6C70321F}
		{E4BA7953-2A8C-4B19-8805-44990CB5F9EA} = {6D75C041-8C03-456C-AFCD-F2AFE46C66BC}
		{B07A487C-48E0-473B-88C1-6825F30D91DD} = {6D75C041-8C03-456C-AFCD-F2AFE46C66BC}
		{8DC23913-EE73-4B77-B985-FB29AEA29660} = {6D75C041-8C03-456C-AFCD-F2AFE46C66BC}
		{27346475-C417-4D14-9A72-C30FD614B130} = {6D75C041-8C03-456C-AFCD-F2AFE46C66BC}
		{D1E2F3A4-B5C6-7D8E-9F0A-1B2C3D4E5F61} = {A9E3F9C8-9D2E-4F8E-A8D1-1B2C3D4E5F6A}
		{D1E2F3A4-B5C6-7D8E-9F0A-1B2C3D4E5F62} = {A9E3F9C8-9D2E-4F8E-A8D1-1B2C3D4E5F6A}
		{D1E2F3A4-B5C6-7D8E-9F0A-1B2C3D4E5F63} = {A9E3F9C8-9D2E-4F8E-A8D1-1B2C3D4E5F6A}
		{F9B9C7B0-67E2-4233-9CC0-FFBF3174FD18} = {A9E3F9C8-9D2E-4F8E-A8D1-1B2C3D4E5F6A}
	EndGlobalSection
EndGlobal
